
Microsoft Visual Studio Solution File, Format Version 12.00
# Visual Studio Version 17
VisualStudioVersion = 17.0.31903.59
MinimumVisualStudioVersion = 10.0.40219.1
Project("{9A19103F-16F7-4668-BE54-9A1E7A4F7556}") = "ODataBookStoreWebClient", "ODataBookStoreWebClient\ODataBookStoreWebClient.csproj", "{3D39AE6E-80BB-407C-B3A3-55E2072B952F}"
EndProject
Project("{9A19103F-16F7-4668-BE54-9A1E7A4F7556}") = "ODataBookStore", "ODataBookStore\ODataBookStore.csproj", "{9EE4BA98-C23C-497B-8D70-685F12810373}"
EndProject
Global
	GlobalSection(SolutionConfigurationPlatforms) = preSolution
		Debug|Any CPU = Debug|Any CPU
		Release|Any CPU = Release|Any CPU
	EndGlobalSection
	GlobalSection(ProjectConfigurationPlatforms) = postSolution
		{3D39AE6E-80BB-407C-B3A3-55E2072B952F}.Debug|Any CPU.ActiveCfg = Debug|Any CPU
		{3D39AE6E-80BB-407C-B3A3-55E2072B952F}.Debug|Any CPU.Build.0 = Debug|Any CPU
		{3D39AE6E-80BB-407C-B3A3-55E2072B952F}.Release|Any CPU.ActiveCfg = Release|Any CPU
		{3D39AE6E-80BB-407C-B3A3-55E2072B952F}.Release|Any CPU.Build.0 = Release|Any CPU
		{9EE4BA98-C23C-497B-8D70-685F12810373}.Debug|Any CPU.ActiveCfg = Debug|Any CPU
		{9EE4BA98-C23C-497B-8D70-685F12810373}.Debug|Any CPU.Build.0 = Debug|Any CPU
		{9EE4BA98-C23C-497B-8D70-685F12810373}.Release|Any CPU.ActiveCfg = Release|Any CPU
		{9EE4BA98-C23C-497B-8D70-685F12810373}.Release|Any CPU.Build.0 = Release|Any CPU
	EndGlobalSection
	GlobalSection(SolutionProperties) = preSolution
		HideSolutionNode = FALSE
	EndGlobalSection
	GlobalSection(ExtensibilityGlobals) = postSolution
		SolutionGuid = {243D25B3-CCE8-484D-A6EB-252A41322765}
	EndGlobalSection
EndGlobal
